
Microsoft Visual Studio Solution File, Format Version 12.00
# Visual Studio Version 17
VisualStudioVersion = 17.1.32421.90
MinimumVisualStudioVersion = 10.0.40219.1
Project("{9A19103F-16F7-4668-BE54-9A1E7A4F7556}") = "PristupniZadatak", "PristupniZadatak\PristupniZadatak.csproj", "{077D9DAE-8F51-49B1-9A7D-716F830FE574}"
EndProject
Project("{2150E333-8FDC-42A3-9474-1A3956D46DE8}") = "Frontend", "Frontend", "{F5205EC4-4D0C-4FF2-891E-330DADBCC2BF}"
	ProjectSection(SolutionItems) = preProject
		Index.html = Index.html
		indexStyle.css = indexStyle.css
		JSskripta.js = JSskripta.js
	EndProjectSection
EndProject
Global
	GlobalSection(SolutionConfigurationPlatforms) = preSolution
		Debug|Any CPU = Debug|Any CPU
		Release|Any CPU = Release|Any CPU
	EndGlobalSection
	GlobalSection(ProjectConfigurationPlatforms) = postSolution
		{077D9DAE-8F51-49B1-9A7D-716F830FE574}.Debug|Any CPU.ActiveCfg = Debug|Any CPU
		{077D9DAE-8F51-49B1-9A7D-716F830FE574}.Debug|Any CPU.Build.0 = Debug|Any CPU
		{077D9DAE-8F51-49B1-9A7D-716F830FE574}.Release|Any CPU.ActiveCfg = Release|Any CPU
		{077D9DAE-8F51-49B1-9A7D-716F830FE574}.Release|Any CPU.Build.0 = Release|Any CPU
	EndGlobalSection
	GlobalSection(SolutionProperties) = preSolution
		HideSolutionNode = FALSE
	EndGlobalSection
	GlobalSection(ExtensibilityGlobals) = postSolution
		SolutionGuid = {DC1348EB-D1E0-480E-8ECE-3195735E270D}
	EndGlobalSection
EndGlobal
